
Microsoft Visual Studio Solution File, Format Version 12.00
# Visual Studio 15
VisualStudioVersion = 15.0.27703.2018
MinimumVisualStudioVersion = 10.0.40219.1
Project("{FAE04EC0-301F-11D3-BF4B-00C04F79EFBC}") = "Contracts", "Contracts\Contracts.csproj", "{DE374D13-B2AF-4410-B8BC-DE51F617C34B}"
EndProject
Project("{FAE04EC0-301F-11D3-BF4B-00C04F79EFBC}") = "SyntaxHighlightPlugin", "SyntaxHighlightPlugin\SyntaxHighlightPlugin.csproj", "{8CB6FD57-BA68-469A-B8E5-E7680829ED9E}"
EndProject
Project("{FAE04EC0-301F-11D3-BF4B-00C04F79EFBC}") = "SyntaxHighlightPlugin2", "SyntaxHighlightPlugin2\SyntaxHighlightPlugin2.csproj", "{261E9BE8-DDF3-4624-BC53-09F8EC15A845}"
EndProject
Project("{FAE04EC0-301F-11D3-BF4B-00C04F79EFBC}") = "VisualStudent", "WpfApp2\VisualStudent.csproj", "{9CB1F141-AB61-4220-A86A-C0C9E8D8F8F4}"
EndProject
Global
	GlobalSection(SolutionConfigurationPlatforms) = preSolution
		Debug|Any CPU = Debug|Any CPU
		Release|Any CPU = Release|Any CPU
	EndGlobalSection
	GlobalSection(ProjectConfigurationPlatforms) = postSolution
		{DE374D13-B2AF-4410-B8BC-DE51F617C34B}.Debug|Any CPU.ActiveCfg = Debug|Any CPU
		{DE374D13-B2AF-4410-B8BC-DE51F617C34B}.Debug|Any CPU.Build.0 = Debug|Any CPU
		{DE374D13-B2AF-4410-B8BC-DE51F617C34B}.Release|Any CPU.ActiveCfg = Release|Any CPU
		{DE374D13-B2AF-4410-B8BC-DE51F617C34B}.Release|Any CPU.Build.0 = Release|Any CPU
		{8CB6FD57-BA68-469A-B8E5-E7680829ED9E}.Debug|Any CPU.ActiveCfg = Debug|Any CPU
		{8CB6FD57-BA68-469A-B8E5-E7680829ED9E}.Debug|Any CPU.Build.0 = Debug|Any CPU
		{8CB6FD57-BA68-469A-B8E5-E7680829ED9E}.Release|Any CPU.ActiveCfg = Release|Any CPU
		{8CB6FD57-BA68-469A-B8E5-E7680829ED9E}.Release|Any CPU.Build.0 = Release|Any CPU
		{261E9BE8-DDF3-4624-BC53-09F8EC15A845}.Debug|Any CPU.ActiveCfg = Debug|Any CPU
		{261E9BE8-DDF3-4624-BC53-09F8EC15A845}.Debug|Any CPU.Build.0 = Debug|Any CPU
		{261E9BE8-DDF3-4624-BC53-09F8EC15A845}.Release|Any CPU.ActiveCfg = Release|Any CPU
		{261E9BE8-DDF3-4624-BC53-09F8EC15A845}.Release|Any CPU.Build.0 = Release|Any CPU
		{9CB1F141-AB61-4220-A86A-C0C9E8D8F8F4}.Debug|Any CPU.ActiveCfg = Debug|Any CPU
		{9CB1F141-AB61-4220-A86A-C0C9E8D8F8F4}.Debug|Any CPU.Build.0 = Debug|Any CPU
		{9CB1F141-AB61-4220-A86A-C0C9E8D8F8F4}.Release|Any CPU.ActiveCfg = Release|Any CPU
		{9CB1F141-AB61-4220-A86A-C0C9E8D8F8F4}.Release|Any CPU.Build.0 = Release|Any CPU
	EndGlobalSection
	GlobalSection(SolutionProperties) = preSolution
		HideSolutionNode = FALSE
	EndGlobalSection
	GlobalSection(ExtensibilityGlobals) = postSolution
		SolutionGuid = {5A9EB24B-3E16-4CBA-A833-47F094A79402}
	EndGlobalSection
EndGlobal
